{
  "name": "example-lambda-nodejs",
  "version": "1.0.0",
  "lockfileVersion": 2,
  "requires": true,
  "packages": {
    "": {
      "name": "example-lambda-nodejs",
      "version": "1.0.0",
      "license": "ISC",
      "dependencies": {
        "aws-greengrass-core-sdk": "^1.7.0"
      }
    },
    "node_modules/aws-greengrass-core-sdk": {
      "version": "1.7.0",
      "resolved": "https://registry.npmjs.org/aws-greengrass-core-sdk/-/aws-greengrass-core-sdk-1.7.0.tgz",
      "integrity": "sha512-QBAuZ4CLEIz7VFAiLvVAmtGF6plxAYdyLzB8Ppq5wwA9rNFTz9KEsM//qz85uTHGwjD1LRN4UF092O/yMo8CSQ==",
      "dependencies": {
        "cbor": "5.0.1"
      }
    },
    "node_modules/bignumber.js": {
      "version": "9.0.2",
      "resolved": "https://registry.npmjs.org/bignumber.js/-/bignumber.js-9.0.2.tgz",
      "integrity": "sha512-GAcQvbpsM0pUb0zw1EI0KhQEZ+lRwR5fYaAp3vPOYuP7aDvGy6cVN6XHLauvF8SOga2y0dcLcjt3iQDTSEliyw==",
      "engines": {
        "node": "*"
      }
    },
    "node_modules/cbor": {
      "version": "5.0.1",
      "resolved": "https://registry.npmjs.org/cbor/-/cbor-5.0.1.tgz",
      "integrity": "sha512-l4ghwqioCyuAaD3LvY4ONwv8NMuERz62xjbMHGdWBqERJPygVmoFER1b4+VS6iW0rXwoVGuKZPPPTofwWOg3YQ==",
      "dependencies": {
        "bignumber.js": "^9.0.0",
        "nofilter": "^1.0.3"
      },
      "engines": {
        "node": ">=6.0.0"
      }
    },
    "node_modules/nofilter": {
      "version": "1.0.4",
      "resolved": "https://registry.npmjs.org/nofilter/-/nofilter-1.0.4.tgz",
      "integrity": "sha512-N8lidFp+fCz+TD51+haYdbDGrcBWwuHX40F5+z0qkUjMJ5Tp+rdSuAkMJ9N9eoolDlEVTf6u5icM+cNKkKW2mA==",
      "engines": {
        "node": ">=8"
      }
    }
  },
  "dependencies": {
    "aws-greengrass-core-sdk": {
      "version": "1.7.0",
      "resolved": "https://registry.npmjs.org/aws-greengrass-core-sdk/-/aws-greengrass-core-sdk-1.7.0.tgz",
      "integrity": "sha512-QBAuZ4CLEIz7VFAiLvVAmtGF6plxAYdyLzB8Ppq5wwA9rNFTz9KEsM//qz85uTHGwjD1LRN4UF092O/yMo8CSQ==",
      "requires": {
        "cbor": "5.0.1"
      }
    },
    "bignumber.js": {
      "version": "9.0.2",
      "resolved": "https://registry.npmjs.org/bignumber.js/-/bignumber.js-9.0.2.tgz",
      "integrity": "sha512-GAcQvbpsM0pUb0zw1EI0KhQEZ+lRwR5fYaAp3vPOYuP7aDvGy6cVN6XHLauvF8SOga2y0dcLcjt3iQDTSEliyw=="
    },
    "cbor": {
      "version": "5.0.1",
      "resolved": "https://registry.npmjs.org/cbor/-/cbor-5.0.1.tgz",
      "integrity": "sha512-l4ghwqioCyuAaD3LvY4ONwv8NMuERz62xjbMHGdWBqERJPygVmoFER1b4+VS6iW0rXwoVGuKZPPPTofwWOg3YQ==",
      "requires": {
        "bignumber.js": "^9.0.0",
        "nofilter": "^1.0.3"
      }
    },
    "nofilter": {
      "version": "1.0.4",
      "resolved": "https://registry.npmjs.org/nofilter/-/nofilter-1.0.4.tgz",
      "integrity": "sha512-N8lidFp+fCz+TD51+haYdbDGrcBWwuHX40F5+z0qkUjMJ5Tp+rdSuAkMJ9N9eoolDlEVTf6u5icM+cNKkKW2mA=="
    }
  }
}
